
Microsoft Visual Studio Solution File, Format Version 12.00
Project("{FAE04EC0-301F-11D3-BF4B-00C04F79EFBC}") = "PR6-2", "PR6-2\PR6-2.csproj", "{870A0012-C017-4290-83AA-2AEE8CB9B02A}"
EndProject
Global
	GlobalSection(SolutionConfigurationPlatforms) = preSolution
		Debug|Any CPU = Debug|Any CPU
		Release|Any CPU = Release|Any CPU
	EndGlobalSection
	GlobalSection(ProjectConfigurationPlatforms) = postSolution
		{870A0012-C017-4290-83AA-2AEE8CB9B02A}.Debug|Any CPU.ActiveCfg = Debug|Any CPU
		{870A0012-C017-4290-83AA-2AEE8CB9B02A}.Debug|Any CPU.Build.0 = Debug|Any CPU
		{870A0012-C017-4290-83AA-2AEE8CB9B02A}.Release|Any CPU.ActiveCfg = Release|Any CPU
		{870A0012-C017-4290-83AA-2AEE8CB9B02A}.Release|Any CPU.Build.0 = Release|Any CPU
	EndGlobalSection
EndGlobal
