
Microsoft Visual Studio Solution File, Format Version 12.00
Project("{FAE04EC0-301F-11D3-BF4B-00C04F79EFBC}") = "PR2-5", "PR2-5\PR2-5.csproj", "{BD684BE8-A17D-4EF3-8F85-160D3C6F5A6D}"
EndProject
Global
	GlobalSection(SolutionConfigurationPlatforms) = preSolution
		Debug|Any CPU = Debug|Any CPU
		Release|Any CPU = Release|Any CPU
	EndGlobalSection
	GlobalSection(ProjectConfigurationPlatforms) = postSolution
		{BD684BE8-A17D-4EF3-8F85-160D3C6F5A6D}.Debug|Any CPU.ActiveCfg = Debug|Any CPU
		{BD684BE8-A17D-4EF3-8F85-160D3C6F5A6D}.Debug|Any CPU.Build.0 = Debug|Any CPU
		{BD684BE8-A17D-4EF3-8F85-160D3C6F5A6D}.Release|Any CPU.ActiveCfg = Release|Any CPU
		{BD684BE8-A17D-4EF3-8F85-160D3C6F5A6D}.Release|Any CPU.Build.0 = Release|Any CPU
	EndGlobalSection
EndGlobal
