
Microsoft Visual Studio Solution File, Format Version 12.00
Project("{FAE04EC0-301F-11D3-BF4B-00C04F79EFBC}") = "PR2-1", "PR2-1\PR2-1.csproj", "{DDEE78A8-4D2B-43AD-BBDC-6CDC4AC80CD4}"
EndProject
Global
	GlobalSection(SolutionConfigurationPlatforms) = preSolution
		Debug|Any CPU = Debug|Any CPU
		Release|Any CPU = Release|Any CPU
	EndGlobalSection
	GlobalSection(ProjectConfigurationPlatforms) = postSolution
		{DDEE78A8-4D2B-43AD-BBDC-6CDC4AC80CD4}.Debug|Any CPU.ActiveCfg = Debug|Any CPU
		{DDEE78A8-4D2B-43AD-BBDC-6CDC4AC80CD4}.Debug|Any CPU.Build.0 = Debug|Any CPU
		{DDEE78A8-4D2B-43AD-BBDC-6CDC4AC80CD4}.Release|Any CPU.ActiveCfg = Release|Any CPU
		{DDEE78A8-4D2B-43AD-BBDC-6CDC4AC80CD4}.Release|Any CPU.Build.0 = Release|Any CPU
	EndGlobalSection
EndGlobal
