
Microsoft Visual Studio Solution File, Format Version 12.00
Project("{FAE04EC0-301F-11D3-BF4B-00C04F79EFBC}") = "PR5-5", "PR5-5\PR5-5.csproj", "{C183A32F-50FE-445C-A488-A811B503E614}"
EndProject
Global
	GlobalSection(SolutionConfigurationPlatforms) = preSolution
		Debug|Any CPU = Debug|Any CPU
		Release|Any CPU = Release|Any CPU
	EndGlobalSection
	GlobalSection(ProjectConfigurationPlatforms) = postSolution
		{C183A32F-50FE-445C-A488-A811B503E614}.Debug|Any CPU.ActiveCfg = Debug|Any CPU
		{C183A32F-50FE-445C-A488-A811B503E614}.Debug|Any CPU.Build.0 = Debug|Any CPU
		{C183A32F-50FE-445C-A488-A811B503E614}.Release|Any CPU.ActiveCfg = Release|Any CPU
		{C183A32F-50FE-445C-A488-A811B503E614}.Release|Any CPU.Build.0 = Release|Any CPU
	EndGlobalSection
EndGlobal
