
Microsoft Visual Studio Solution File, Format Version 12.00
Project("{FAE04EC0-301F-11D3-BF4B-00C04F79EFBC}") = "PR6-1", "PR6-1\PR6-1.csproj", "{CBEE9F91-97AC-49E8-BCA6-AD8EF643936D}"
EndProject
Global
	GlobalSection(SolutionConfigurationPlatforms) = preSolution
		Debug|Any CPU = Debug|Any CPU
		Release|Any CPU = Release|Any CPU
	EndGlobalSection
	GlobalSection(ProjectConfigurationPlatforms) = postSolution
		{CBEE9F91-97AC-49E8-BCA6-AD8EF643936D}.Debug|Any CPU.ActiveCfg = Debug|Any CPU
		{CBEE9F91-97AC-49E8-BCA6-AD8EF643936D}.Debug|Any CPU.Build.0 = Debug|Any CPU
		{CBEE9F91-97AC-49E8-BCA6-AD8EF643936D}.Release|Any CPU.ActiveCfg = Release|Any CPU
		{CBEE9F91-97AC-49E8-BCA6-AD8EF643936D}.Release|Any CPU.Build.0 = Release|Any CPU
	EndGlobalSection
EndGlobal
